
Microsoft Visual Studio Solution File, Format Version 12.00
# Visual Studio Version 16
VisualStudioVersion = 16.0.29215.179
MinimumVisualStudioVersion = 10.0.40219.1
Project("{8BC9CEB8-8B4A-11D0-8D11-00A0C91BC942}") = "cuda_ex_error_checking", "cuda_ex_error_checking.vcxproj", "{A1A176F9-8770-4ECC-9D0A-4166870F4DFC}"
EndProject
Global
	GlobalSection(SolutionConfigurationPlatforms) = preSolution
		Debug|x64 = Debug|x64
		Release|x64 = Release|x64
	EndGlobalSection
	GlobalSection(ProjectConfigurationPlatforms) = postSolution
		{A1A176F9-8770-4ECC-9D0A-4166870F4DFC}.Debug|x64.ActiveCfg = Debug|x64
		{A1A176F9-8770-4ECC-9D0A-4166870F4DFC}.Debug|x64.Build.0 = Debug|x64
		{A1A176F9-8770-4ECC-9D0A-4166870F4DFC}.Release|x64.ActiveCfg = Release|x64
		{A1A176F9-8770-4ECC-9D0A-4166870F4DFC}.Release|x64.Build.0 = Release|x64
	EndGlobalSection
	GlobalSection(SolutionProperties) = preSolution
		HideSolutionNode = FALSE
	EndGlobalSection
	GlobalSection(ExtensibilityGlobals) = postSolution
		SolutionGuid = {CA9D1862-F44B-4BDA-95DE-FD35602F5E33}
	EndGlobalSection
EndGlobal
